
Microsoft Visual Studio Solution File, Format Version 12.00
# Visual Studio Version 16
VisualStudioVersion = 16.0.32929.386
MinimumVisualStudioVersion = 10.0.40219.1
Project("{FAE04EC0-301F-11D3-BF4B-00C04F79EFBC}") = "ASPveEF", "ASPveEF\ASPveEF.csproj", "{D92E3076-5E2B-429C-937B-D904B2C01C32}"
EndProject
Global
	GlobalSection(SolutionConfigurationPlatforms) = preSolution
		Debug|Any CPU = Debug|Any CPU
		Release|Any CPU = Release|Any CPU
	EndGlobalSection
	GlobalSection(ProjectConfigurationPlatforms) = postSolution
		{D92E3076-5E2B-429C-937B-D904B2C01C32}.Debug|Any CPU.ActiveCfg = Debug|Any CPU
		{D92E3076-5E2B-429C-937B-D904B2C01C32}.Debug|Any CPU.Build.0 = Debug|Any CPU
		{D92E3076-5E2B-429C-937B-D904B2C01C32}.Release|Any CPU.ActiveCfg = Release|Any CPU
		{D92E3076-5E2B-429C-937B-D904B2C01C32}.Release|Any CPU.Build.0 = Release|Any CPU
	EndGlobalSection
	GlobalSection(SolutionProperties) = preSolution
		HideSolutionNode = FALSE
	EndGlobalSection
	GlobalSection(ExtensibilityGlobals) = postSolution
		SolutionGuid = {1F1D09D0-B785-48E4-BA39-AAB29A4F5B6F}
	EndGlobalSection
EndGlobal
